
Microsoft Visual Studio Solution File, Format Version 12.00
# Visual Studio Version 16
VisualStudioVersion = 16.0.31005.135
MinimumVisualStudioVersion = 10.0.40219.1
Project("{FAE04EC0-301F-11D3-BF4B-00C04F79EFBC}") = "foreach2", "foreach2\foreach2.csproj", "{03593037-A336-4B65-934C-7E92C058A9C7}"
EndProject
Global
	GlobalSection(SolutionConfigurationPlatforms) = preSolution
		Debug|Any CPU = Debug|Any CPU
		Release|Any CPU = Release|Any CPU
	EndGlobalSection
	GlobalSection(ProjectConfigurationPlatforms) = postSolution
		{03593037-A336-4B65-934C-7E92C058A9C7}.Debug|Any CPU.ActiveCfg = Debug|Any CPU
		{03593037-A336-4B65-934C-7E92C058A9C7}.Debug|Any CPU.Build.0 = Debug|Any CPU
		{03593037-A336-4B65-934C-7E92C058A9C7}.Release|Any CPU.ActiveCfg = Release|Any CPU
		{03593037-A336-4B65-934C-7E92C058A9C7}.Release|Any CPU.Build.0 = Release|Any CPU
	EndGlobalSection
	GlobalSection(SolutionProperties) = preSolution
		HideSolutionNode = FALSE
	EndGlobalSection
	GlobalSection(ExtensibilityGlobals) = postSolution
		SolutionGuid = {17826D7A-4726-4651-99E3-9D53A03DDA90}
	EndGlobalSection
EndGlobal
